// !$*UTF8*$!
{
	archiveVersion = 1;
	classes = {
	};
	objectVersion = 46;
	objects = {

/* Begin PBXBuildFile section */
		D80ECB6C1BDEAA420055EF0A /* Zxcvbn.h in Headers */ = {isa = PBXBuildFile; fileRef = D80ECB6B1BDEAA420055EF0A /* Zxcvbn.h */; settings = {ATTRIBUTES = (Public, ); }; };
		D80ECB731BDEAA420055EF0A /* Zxcvbn.framework in Frameworks */ = {isa = PBXBuildFile; fileRef = D80ECB681BDEAA420055EF0A /* Zxcvbn.framework */; };
		D80ECB781BDEAA420055EF0A /* ZxcvbnTests.m in Sources */ = {isa = PBXBuildFile; fileRef = D80ECB771BDEAA420055EF0A /* ZxcvbnTests.m */; };
		D80ECB8C1BDEAA7D0055EF0A /* DBMatcher.m in Sources */ = {isa = PBXBuildFile; fileRef = D80ECB831BDEAA7D0055EF0A /* DBMatcher.m */; };
		D80ECB8D1BDEAA7D0055EF0A /* DBMatcher.m in Sources */ = {isa = PBXBuildFile; fileRef = D80ECB831BDEAA7D0055EF0A /* DBMatcher.m */; };
		D80ECB8F1BDEAA7D0055EF0A /* DBPasswordStrengthMeterView.m in Sources */ = {isa = PBXBuildFile; fileRef = D80ECB851BDEAA7D0055EF0A /* DBPasswordStrengthMeterView.m */; };
		D80ECB901BDEAA7D0055EF0A /* DBPasswordStrengthMeterView.m in Sources */ = {isa = PBXBuildFile; fileRef = D80ECB851BDEAA7D0055EF0A /* DBPasswordStrengthMeterView.m */; };
		D80ECB921BDEAA7D0055EF0A /* DBScorer.m in Sources */ = {isa = PBXBuildFile; fileRef = D80ECB871BDEAA7D0055EF0A /* DBScorer.m */; };
		D80ECB931BDEAA7D0055EF0A /* DBScorer.m in Sources */ = {isa = PBXBuildFile; fileRef = D80ECB871BDEAA7D0055EF0A /* DBScorer.m */; };
		D80ECB951BDEAA7D0055EF0A /* DBZxcvbn.m in Sources */ = {isa = PBXBuildFile; fileRef = D80ECB891BDEAA7D0055EF0A /* DBZxcvbn.m */; };
		D80ECB961BDEAA7D0055EF0A /* DBZxcvbn.m in Sources */ = {isa = PBXBuildFile; fileRef = D80ECB891BDEAA7D0055EF0A /* DBZxcvbn.m */; };
		D80ECB9C1BDEAAD40055EF0A /* adjacency_graphs.json in Resources */ = {isa = PBXBuildFile; fileRef = D80ECB9A1BDEAABE0055EF0A /* adjacency_graphs.json */; };
		D80ECB9D1BDEAAD40055EF0A /* frequency_lists.json in Resources */ = {isa = PBXBuildFile; fileRef = D80ECB9B1BDEAABE0055EF0A /* frequency_lists.json */; };
		F33A751B26C6B5EA000C2F54 /* DBMatcher.h in Headers */ = {isa = PBXBuildFile; fileRef = F33A751726C6B5EA000C2F54 /* DBMatcher.h */; };
		F33A751C26C6B5EA000C2F54 /* DBPasswordStrengthMeterView.h in Headers */ = {isa = PBXBuildFile; fileRef = F33A751826C6B5EA000C2F54 /* DBPasswordStrengthMeterView.h */; };
		F33A751D26C6B5EA000C2F54 /* DBZxcvbn.h in Headers */ = {isa = PBXBuildFile; fileRef = F33A751926C6B5EA000C2F54 /* DBZxcvbn.h */; };
		F33A751E26C6B5EA000C2F54 /* DBScorer.h in Headers */ = {isa = PBXBuildFile; fileRef = F33A751A26C6B5EA000C2F54 /* DBScorer.h */; };
/* End PBXBuildFile section */

/* Begin PBXContainerItemProxy section */
		D80ECB741BDEAA420055EF0A /* PBXContainerItemProxy */ = {
			isa = PBXContainerItemProxy;
			containerPortal = D80ECB5F1BDEAA420055EF0A /* Project object */;
			proxyType = 1;
			remoteGlobalIDString = D80ECB671BDEAA420055EF0A;
			remoteInfo = Zxcvbn;
		};
/* End PBXContainerItemProxy section */

/* Begin PBXFileReference section */
		D80ECB681BDEAA420055EF0A /* Zxcvbn.framework */ = {isa = PBXFileReference; explicitFileType = wrapper.framework; includeInIndex = 0; path = Zxcvbn.framework; sourceTree = BUILT_PRODUCTS_DIR; };
		D80ECB6B1BDEAA420055EF0A /* Zxcvbn.h */ = {isa = PBXFileReference; lastKnownFileType = sourcecode.c.h; path = Zxcvbn.h; sourceTree = "<group>"; };
		D80ECB6D1BDEAA420055EF0A /* Info.plist */ = {isa = PBXFileReference; lastKnownFileType = text.plist.xml; path = Info.plist; sourceTree = "<group>"; };
		D80ECB721BDEAA420055EF0A /* ZxcvbnTests.xctest */ = {isa = PBXFileReference; explicitFileType = wrapper.cfbundle; includeInIndex = 0; path = ZxcvbnTests.xctest; sourceTree = BUILT_PRODUCTS_DIR; };
		D80ECB771BDEAA420055EF0A /* ZxcvbnTests.m */ = {isa = PBXFileReference; lastKnownFileType = sourcecode.c.objc; path = ZxcvbnTests.m; sourceTree = "<group>"; };
		D80ECB791BDEAA420055EF0A /* Info.plist */ = {isa = PBXFileReference; lastKnownFileType = text.plist.xml; path = Info.plist; sourceTree = "<group>"; };
		D80ECB831BDEAA7D0055EF0A /* DBMatcher.m */ = {isa = PBXFileReference; fileEncoding = 4; lastKnownFileType = sourcecode.c.objc; path = DBMatcher.m; sourceTree = "<group>"; };
		D80ECB851BDEAA7D0055EF0A /* DBPasswordStrengthMeterView.m */ = {isa = PBXFileReference; fileEncoding = 4; lastKnownFileType = sourcecode.c.objc; path = DBPasswordStrengthMeterView.m; sourceTree = "<group>"; };
		D80ECB871BDEAA7D0055EF0A /* DBScorer.m */ = {isa = PBXFileReference; fileEncoding = 4; lastKnownFileType = sourcecode.c.objc; path = DBScorer.m; sourceTree = "<group>"; };
		D80ECB891BDEAA7D0055EF0A /* DBZxcvbn.m */ = {isa = PBXFileReference; fileEncoding = 4; lastKnownFileType = sourcecode.c.objc; path = DBZxcvbn.m; sourceTree = "<group>"; };
		D80ECB9A1BDEAABE0055EF0A /* adjacency_graphs.json */ = {isa = PBXFileReference; lastKnownFileType = text.json; name = adjacency_graphs.json; path = generated/adjacency_graphs.json; sourceTree = "<group>"; };
		D80ECB9B1BDEAABE0055EF0A /* frequency_lists.json */ = {isa = PBXFileReference; lastKnownFileType = text.json; name = frequency_lists.json; path = generated/frequency_lists.json; sourceTree = "<group>"; };
		F33A751726C6B5EA000C2F54 /* DBMatcher.h */ = {isa = PBXFileReference; fileEncoding = 4; lastKnownFileType = sourcecode.c.h; path = DBMatcher.h; sourceTree = "<group>"; };
		F33A751826C6B5EA000C2F54 /* DBPasswordStrengthMeterView.h */ = {isa = PBXFileReference; fileEncoding = 4; lastKnownFileType = sourcecode.c.h; path = DBPasswordStrengthMeterView.h; sourceTree = "<group>"; };
		F33A751926C6B5EA000C2F54 /* DBZxcvbn.h */ = {isa = PBXFileReference; fileEncoding = 4; lastKnownFileType = sourcecode.c.h; path = DBZxcvbn.h; sourceTree = "<group>"; };
		F33A751A26C6B5EA000C2F54 /* DBScorer.h */ = {isa = PBXFileReference; fileEncoding = 4; lastKnownFileType = sourcecode.c.h; path = DBScorer.h; sourceTree = "<group>"; };
/* End PBXFileReference section */

/* Begin PBXFrameworksBuildPhase section */
		D80ECB641BDEAA420055EF0A /* Frameworks */ = {
			isa = PBXFrameworksBuildPhase;
			buildActionMask = 2147483647;
			files = (
			);
			runOnlyForDeploymentPostprocessing = 0;
		};
		D80ECB6F1BDEAA420055EF0A /* Frameworks */ = {
			isa = PBXFrameworksBuildPhase;
			buildActionMask = 2147483647;
			files = (
				D80ECB731BDEAA420055EF0A /* Zxcvbn.framework in Frameworks */,
			);
			runOnlyForDeploymentPostprocessing = 0;
		};
/* End PBXFrameworksBuildPhase section */

/* Begin PBXGroup section */
		D80ECB5E1BDEAA420055EF0A = {
			isa = PBXGroup;
			children = (
				D80ECB6A1BDEAA420055EF0A /* Zxcvbn */,
				D80ECB761BDEAA420055EF0A /* ZxcvbnTests */,
				D80ECB691BDEAA420055EF0A /* Products */,
			);
			sourceTree = "<group>";
		};
		D80ECB691BDEAA420055EF0A /* Products */ = {
			isa = PBXGroup;
			children = (
				D80ECB681BDEAA420055EF0A /* Zxcvbn.framework */,
				D80ECB721BDEAA420055EF0A /* ZxcvbnTests.xctest */,
			);
			name = Products;
			sourceTree = "<group>";
		};
		D80ECB6A1BDEAA420055EF0A /* Zxcvbn */ = {
			isa = PBXGroup;
			children = (
				F33A751626C6B5EA000C2F54 /* include */,
				D80ECB6B1BDEAA420055EF0A /* Zxcvbn.h */,
				D80ECB831BDEAA7D0055EF0A /* DBMatcher.m */,
				D80ECB871BDEAA7D0055EF0A /* DBScorer.m */,
				D80ECB891BDEAA7D0055EF0A /* DBZxcvbn.m */,
				D80ECB851BDEAA7D0055EF0A /* DBPasswordStrengthMeterView.m */,
				D80ECB991BDEAAA10055EF0A /* Generated */,
				D80ECB6D1BDEAA420055EF0A /* Info.plist */,
			);
			path = Zxcvbn;
			sourceTree = "<group>";
		};
		D80ECB761BDEAA420055EF0A /* ZxcvbnTests */ = {
			isa = PBXGroup;
			children = (
				D80ECB771BDEAA420055EF0A /* ZxcvbnTests.m */,
				D80ECB791BDEAA420055EF0A /* Info.plist */,
			);
			path = ZxcvbnTests;
			sourceTree = "<group>";
		};
		D80ECB991BDEAAA10055EF0A /* Generated */ = {
			isa = PBXGroup;
			children = (
				D80ECB9A1BDEAABE0055EF0A /* adjacency_graphs.json */,
				D80ECB9B1BDEAABE0055EF0A /* frequency_lists.json */,
			);
			name = Generated;
			sourceTree = "<group>";
		};
		F33A751626C6B5EA000C2F54 /* include */ = {
			isa = PBXGroup;
			children = (
				F33A751726C6B5EA000C2F54 /* DBMatcher.h */,
				F33A751826C6B5EA000C2F54 /* DBPasswordStrengthMeterView.h */,
				F33A751926C6B5EA000C2F54 /* DBZxcvbn.h */,
				F33A751A26C6B5EA000C2F54 /* DBScorer.h */,
			);
			path = include;
			sourceTree = "<group>";
		};
/* End PBXGroup section */

/* Begin PBXHeadersBuildPhase section */
		D80ECB651BDEAA420055EF0A /* Headers */ = {
			isa = PBXHeadersBuildPhase;
			buildActionMask = 2147483647;
			files = (
				D80ECB6C1BDEAA420055EF0A /* Zxcvbn.h in Headers */,
				F33A751E26C6B5EA000C2F54 /* DBScorer.h in Headers */,
				F33A751D26C6B5EA000C2F54 /* DBZxcvbn.h in Headers */,
				F33A751B26C6B5EA000C2F54 /* DBMatcher.h in Headers */,
				F33A751C26C6B5EA000C2F54 /* DBPasswordStrengthMeterView.h in Headers */,
			);
			runOnlyForDeploymentPostprocessing = 0;
		};
/* End PBXHeadersBuildPhase section */

/* Begin PBXNativeTarget section */
		D80ECB671BDEAA420055EF0A /* Zxcvbn */ = {
			isa = PBXNativeTarget;
			buildConfigurationList = D80ECB7C1BDEAA420055EF0A /* Build configuration list for PBXNativeTarget "Zxcvbn" */;
			buildPhases = (
				D80ECB631BDEAA420055EF0A /* Sources */,
				D80ECB641BDEAA420055EF0A /* Frameworks */,
				D80ECB651BDEAA420055EF0A /* Headers */,
				D80ECB661BDEAA420055EF0A /* Resources */,
			);
			buildRules = (
			);
			dependencies = (
			);
			name = Zxcvbn;
			productName = Zxcvbn;
			productReference = D80ECB681BDEAA420055EF0A /* Zxcvbn.framework */;
			productType = "com.apple.product-type.framework";
		};
		D80ECB711BDEAA420055EF0A /* ZxcvbnTests */ = {
			isa = PBXNativeTarget;
			buildConfigurationList = D80ECB7F1BDEAA420055EF0A /* Build configuration list for PBXNativeTarget "ZxcvbnTests" */;
			buildPhases = (
				D80ECB6E1BDEAA420055EF0A /* Sources */,
				D80ECB6F1BDEAA420055EF0A /* Frameworks */,
				D80ECB701BDEAA420055EF0A /* Resources */,
			);
			buildRules = (
			);
			dependencies = (
				D80ECB751BDEAA420055EF0A /* PBXTargetDependency */,
			);
			name = ZxcvbnTests;
			productName = ZxcvbnTests;
			productReference = D80ECB721BDEAA420055EF0A /* ZxcvbnTests.xctest */;
			productType = "com.apple.product-type.bundle.unit-test";
		};
/* End PBXNativeTarget section */

/* Begin PBXProject section */
		D80ECB5F1BDEAA420055EF0A /* Project object */ = {
			isa = PBXProject;
			attributes = {
				LastUpgradeCheck = 0710;
				ORGANIZATIONNAME = Dropbox;
				TargetAttributes = {
					D80ECB671BDEAA420055EF0A = {
						CreatedOnToolsVersion = 7.1;
					};
					D80ECB711BDEAA420055EF0A = {
						CreatedOnToolsVersion = 7.1;
					};
				};
			};
			buildConfigurationList = D80ECB621BDEAA420055EF0A /* Build configuration list for PBXProject "Zxcvbn" */;
			compatibilityVersion = "Xcode 3.2";
			developmentRegion = English;
			hasScannedForEncodings = 0;
			knownRegions = (
				English,
				en,
			);
			mainGroup = D80ECB5E1BDEAA420055EF0A;
			productRefGroup = D80ECB691BDEAA420055EF0A /* Products */;
			projectDirPath = "";
			projectRoot = "";
			targets = (
				D80ECB671BDEAA420055EF0A /* Zxcvbn */,
				D80ECB711BDEAA420055EF0A /* ZxcvbnTests */,
			);
		};
/* End PBXProject section */

/* Begin PBXResourcesBuildPhase section */
		D80ECB661BDEAA420055EF0A /* Resources */ = {
			isa = PBXResourcesBuildPhase;
			buildActionMask = 2147483647;
			files = (
				D80ECB9C1BDEAAD40055EF0A /* adjacency_graphs.json in Resources */,
				D80ECB9D1BDEAAD40055EF0A /* frequency_lists.json in Resources */,
			);
			runOnlyForDeploymentPostprocessing = 0;
		};
		D80ECB701BDEAA420055EF0A /* Resources */ = {
			isa = PBXResourcesBuildPhase;
			buildActionMask = 2147483647;
			files = (
			);
			runOnlyForDeploymentPostprocessing = 0;
		};
/* End PBXResourcesBuildPhase section */

/* Begin PBXSourcesBuildPhase section */
		D80ECB631BDEAA420055EF0A /* Sources */ = {
			isa = PBXSourcesBuildPhase;
			buildActionMask = 2147483647;
			files = (
				D80ECB921BDEAA7D0055EF0A /* DBScorer.m in Sources */,
				D80ECB8F1BDEAA7D0055EF0A /* DBPasswordStrengthMeterView.m in Sources */,
				D80ECB951BDEAA7D0055EF0A /* DBZxcvbn.m in Sources */,
				D80ECB8C1BDEAA7D0055EF0A /* DBMatcher.m in Sources */,
			);
			runOnlyForDeploymentPostprocessing = 0;
		};
		D80ECB6E1BDEAA420055EF0A /* Sources */ = {
			isa = PBXSourcesBuildPhase;
			buildActionMask = 2147483647;
			files = (
				D80ECB961BDEAA7D0055EF0A /* DBZxcvbn.m in Sources */,
				D80ECB8D1BDEAA7D0055EF0A /* DBMatcher.m in Sources */,
				D80ECB931BDEAA7D0055EF0A /* DBScorer.m in Sources */,
				D80ECB781BDEAA420055EF0A /* ZxcvbnTests.m in Sources */,
				D80ECB901BDEAA7D0055EF0A /* DBPasswordStrengthMeterView.m in Sources */,
			);
			runOnlyForDeploymentPostprocessing = 0;
		};
/* End PBXSourcesBuildPhase section */

/* Begin PBXTargetDependency section */
		D80ECB751BDEAA420055EF0A /* PBXTargetDependency */ = {
			isa = PBXTargetDependency;
			target = D80ECB671BDEAA420055EF0A /* Zxcvbn */;
			targetProxy = D80ECB741BDEAA420055EF0A /* PBXContainerItemProxy */;
		};
/* End PBXTargetDependency section */

/* Begin XCBuildConfiguration section */
		D80ECB7A1BDEAA420055EF0A /* Debug */ = {
			isa = XCBuildConfiguration;
			buildSettings = {
				ALWAYS_SEARCH_USER_PATHS = NO;
				CLANG_CXX_LANGUAGE_STANDARD = "gnu++0x";
				CLANG_CXX_LIBRARY = "libc++";
				CLANG_ENABLE_MODULES = YES;
				CLANG_ENABLE_OBJC_ARC = YES;
				CLANG_WARN_BOOL_CONVERSION = YES;
				CLANG_WARN_CONSTANT_CONVERSION = YES;
				CLANG_WARN_DIRECT_OBJC_ISA_USAGE = YES_ERROR;
				CLANG_WARN_EMPTY_BODY = YES;
				CLANG_WARN_ENUM_CONVERSION = YES;
				CLANG_WARN_INT_CONVERSION = YES;
				CLANG_WARN_OBJC_ROOT_CLASS = YES_ERROR;
				CLANG_WARN_UNREACHABLE_CODE = YES;
				CLANG_WARN__DUPLICATE_METHOD_MATCH = YES;
				"CODE_SIGN_IDENTITY[sdk=iphoneos*]" = "iPhone Developer";
				COPY_PHASE_STRIP = NO;
				CURRENT_PROJECT_VERSION = 1;
				DEBUG_INFORMATION_FORMAT = dwarf;
				ENABLE_STRICT_OBJC_MSGSEND = YES;
				ENABLE_TESTABILITY = YES;
				GCC_C_LANGUAGE_STANDARD = gnu99;
				GCC_DYNAMIC_NO_PIC = NO;
				GCC_NO_COMMON_BLOCKS = YES;
				GCC_OPTIMIZATION_LEVEL = 0;
				GCC_PREPROCESSOR_DEFINITIONS = (
					"DEBUG=1",
					"$(inherited)",
				);
				GCC_WARN_64_TO_32_BIT_CONVERSION = YES;
				GCC_WARN_ABOUT_RETURN_TYPE = YES_ERROR;
				GCC_WARN_UNDECLARED_SELECTOR = YES;
				GCC_WARN_UNINITIALIZED_AUTOS = YES_AGGRESSIVE;
				GCC_WARN_UNUSED_FUNCTION = YES;
				GCC_WARN_UNUSED_VARIABLE = YES;
				IPHONEOS_DEPLOYMENT_TARGET = 8.0;
				MTL_ENABLE_DEBUG_INFO = YES;
				ONLY_ACTIVE_ARCH = YES;
				SDKROOT = iphoneos;
				TARGETED_DEVICE_FAMILY = "1,2";
				VERSIONING_SYSTEM = "apple-generic";
				VERSION_INFO_PREFIX = "";
			};
			name = Debug;
		};
		D80ECB7B1BDEAA420055EF0A /* Release */ = {
			isa = XCBuildConfiguration;
			buildSettings = {
				ALWAYS_SEARCH_USER_PATHS = NO;
				CLANG_CXX_LANGUAGE_STANDARD = "gnu++0x";
				CLANG_CXX_LIBRARY = "libc++";
				CLANG_ENABLE_MODULES = YES;
				CLANG_ENABLE_OBJC_ARC = YES;
				CLANG_WARN_BOOL_CONVERSION = YES;
				CLANG_WARN_CONSTANT_CONVERSION = YES;
				CLANG_WARN_DIRECT_OBJC_ISA_USAGE = YES_ERROR;
				CLANG_WARN_EMPTY_BODY = YES;
				CLANG_WARN_ENUM_CONVERSION = YES;
				CLANG_WARN_INT_CONVERSION = YES;
				CLANG_WARN_OBJC_ROOT_CLASS = YES_ERROR;
				CLANG_WARN_UNREACHABLE_CODE = YES;
				CLANG_WARN__DUPLICATE_METHOD_MATCH = YES;
				"CODE_SIGN_IDENTITY[sdk=iphoneos*]" = "iPhone Developer";
				COPY_PHASE_STRIP = NO;
				CURRENT_PROJECT_VERSION = 1;
				DEBUG_INFORMATION_FORMAT = "dwarf-with-dsym";
				ENABLE_NS_ASSERTIONS = NO;
				ENABLE_STRICT_OBJC_MSGSEND = YES;
				GCC_C_LANGUAGE_STANDARD = gnu99;
				GCC_NO_COMMON_BLOCKS = YES;
				GCC_WARN_64_TO_32_BIT_CONVERSION = YES;
				GCC_WARN_ABOUT_RETURN_TYPE = YES_ERROR;
				GCC_WARN_UNDECLARED_SELECTOR = YES;
				GCC_WARN_UNINITIALIZED_AUTOS = YES_AGGRESSIVE;
				GCC_WARN_UNUSED_FUNCTION = YES;
				GCC_WARN_UNUSED_VARIABLE = YES;
				IPHONEOS_DEPLOYMENT_TARGET = 8.0;
				MTL_ENABLE_DEBUG_INFO = NO;
				SDKROOT = iphoneos;
				TARGETED_DEVICE_FAMILY = "1,2";
				VALIDATE_PRODUCT = YES;
				VERSIONING_SYSTEM = "apple-generic";
				VERSION_INFO_PREFIX = "";
			};
			name = Release;
		};
		D80ECB7D1BDEAA420055EF0A /* Debug */ = {
			isa = XCBuildConfiguration;
			buildSettings = {
				APPLICATION_EXTENSION_API_ONLY = YES;
				DEFINES_MODULE = YES;
				DYLIB_COMPATIBILITY_VERSION = 1;
				DYLIB_CURRENT_VERSION = 1;
				DYLIB_INSTALL_NAME_BASE = "@rpath";
				INFOPLIST_FILE = Zxcvbn/Info.plist;
				INSTALL_PATH = "$(LOCAL_LIBRARY_DIR)/Frameworks";
				LD_RUNPATH_SEARCH_PATHS = "$(inherited) @executable_path/Frameworks @loader_path/Frameworks";
				PRODUCT_BUNDLE_IDENTIFIER = com.dropbox.Zxcvbn;
				PRODUCT_NAME = "$(TARGET_NAME)";
				SKIP_INSTALL = YES;
			};
			name = Debug;
		};
		D80ECB7E1BDEAA420055EF0A /* Release */ = {
			isa = XCBuildConfiguration;
			buildSettings = {
				APPLICATION_EXTENSION_API_ONLY = YES;
				DEFINES_MODULE = YES;
				DYLIB_COMPATIBILITY_VERSION = 1;
				DYLIB_CURRENT_VERSION = 1;
				DYLIB_INSTALL_NAME_BASE = "@rpath";
				INFOPLIST_FILE = Zxcvbn/Info.plist;
				INSTALL_PATH = "$(LOCAL_LIBRARY_DIR)/Frameworks";
				LD_RUNPATH_SEARCH_PATHS = "$(inherited) @executable_path/Frameworks @loader_path/Frameworks";
				PRODUCT_BUNDLE_IDENTIFIER = com.dropbox.Zxcvbn;
				PRODUCT_NAME = "$(TARGET_NAME)";
				SKIP_INSTALL = YES;
			};
			name = Release;
		};
		D80ECB801BDEAA420055EF0A /* Debug */ = {
			isa = XCBuildConfiguration;
			buildSettings = {
				INFOPLIST_FILE = ZxcvbnTests/Info.plist;
				LD_RUNPATH_SEARCH_PATHS = "$(inherited) @executable_path/Frameworks @loader_path/Frameworks";
				PRODUCT_BUNDLE_IDENTIFIER = com.dropbox.Zxcvbn.ZxcvbnTests;
				PRODUCT_NAME = "$(TARGET_NAME)";
			};
			name = Debug;
		};
		D80ECB811BDEAA420055EF0A /* Release */ = {
			isa = XCBuildConfiguration;
			buildSettings = {
				INFOPLIST_FILE = ZxcvbnTests/Info.plist;
				LD_RUNPATH_SEARCH_PATHS = "$(inherited) @executable_path/Frameworks @loader_path/Frameworks";
				PRODUCT_BUNDLE_IDENTIFIER = com.dropbox.Zxcvbn.ZxcvbnTests;
				PRODUCT_NAME = "$(TARGET_NAME)";
			};
			name = Release;
		};
/* End XCBuildConfiguration section */

/* Begin XCConfigurationList section */
		D80ECB621BDEAA420055EF0A /* Build configuration list for PBXProject "Zxcvbn" */ = {
			isa = XCConfigurationList;
			buildConfigurations = (
				D80ECB7A1BDEAA420055EF0A /* Debug */,
				D80ECB7B1BDEAA420055EF0A /* Release */,
			);
			defaultConfigurationIsVisible = 0;
			defaultConfigurationName = Release;
		};
		D80ECB7C1BDEAA420055EF0A /* Build configuration list for PBXNativeTarget "Zxcvbn" */ = {
			isa = XCConfigurationList;
			buildConfigurations = (
				D80ECB7D1BDEAA420055EF0A /* Debug */,
				D80ECB7E1BDEAA420055EF0A /* Release */,
			);
			defaultConfigurationIsVisible = 0;
			defaultConfigurationName = Release;
		};
		D80ECB7F1BDEAA420055EF0A /* Build configuration list for PBXNativeTarget "ZxcvbnTests" */ = {
			isa = XCConfigurationList;
			buildConfigurations = (
				D80ECB801BDEAA420055EF0A /* Debug */,
				D80ECB811BDEAA420055EF0A /* Release */,
			);
			defaultConfigurationIsVisible = 0;
			defaultConfigurationName = Release;
		};
/* End XCConfigurationList section */
	};
	rootObject = D80ECB5F1BDEAA420055EF0A /* Project object */;
}
