// !$*UTF8*$!
{
	archiveVersion = 1;
	classes = {
	};
	objectVersion = 46;
	objects = {

/* Begin PBXBuildFile section */
		08AE00E318B9A795006BB842 /* README.md in Resources */ = {isa = PBXBuildFile; fileRef = 08AE00E218B9A795006BB842 /* README.md */; };
		08EDE53F18B913EA0056B2C4 /* DBPasswordStrengthMeterView.m in Sources */ = {isa = PBXBuildFile; fileRef = 08EDE53E18B913EA0056B2C4 /* DBPasswordStrengthMeterView.m */; };
		08EDE54218B9146C0056B2C4 /* DBCreateAccountViewController.m in Sources */ = {isa = PBXBuildFile; fileRef = 08EDE54118B9146C0056B2C4 /* DBCreateAccountViewController.m */; };
		08F59F8418A8830300FB34D6 /* Foundation.framework in Frameworks */ = {isa = PBXBuildFile; fileRef = 08F59F8318A8830300FB34D6 /* Foundation.framework */; };
		08F59F8618A8830300FB34D6 /* CoreGraphics.framework in Frameworks */ = {isa = PBXBuildFile; fileRef = 08F59F8518A8830300FB34D6 /* CoreGraphics.framework */; };
		08F59F8818A8830300FB34D6 /* UIKit.framework in Frameworks */ = {isa = PBXBuildFile; fileRef = 08F59F8718A8830300FB34D6 /* UIKit.framework */; };
		08F59F8E18A8830300FB34D6 /* InfoPlist.strings in Resources */ = {isa = PBXBuildFile; fileRef = 08F59F8C18A8830300FB34D6 /* InfoPlist.strings */; };
		08F59F9018A8830300FB34D6 /* main.m in Sources */ = {isa = PBXBuildFile; fileRef = 08F59F8F18A8830300FB34D6 /* main.m */; };
		08F59F9418A8830300FB34D6 /* DBAppDelegate.m in Sources */ = {isa = PBXBuildFile; fileRef = 08F59F9318A8830300FB34D6 /* DBAppDelegate.m */; };
		08F59F9718A8830300FB34D6 /* Main_iPhone.storyboard in Resources */ = {isa = PBXBuildFile; fileRef = 08F59F9518A8830300FB34D6 /* Main_iPhone.storyboard */; };
		08F59F9A18A8830300FB34D6 /* Main_iPad.storyboard in Resources */ = {isa = PBXBuildFile; fileRef = 08F59F9818A8830300FB34D6 /* Main_iPad.storyboard */; };
		08F59F9F18A8830300FB34D6 /* Images.xcassets in Resources */ = {isa = PBXBuildFile; fileRef = 08F59F9E18A8830300FB34D6 /* Images.xcassets */; };
		08F59FA618A8830300FB34D6 /* XCTest.framework in Frameworks */ = {isa = PBXBuildFile; fileRef = 08F59FA518A8830300FB34D6 /* XCTest.framework */; };
		08F59FA718A8830300FB34D6 /* Foundation.framework in Frameworks */ = {isa = PBXBuildFile; fileRef = 08F59F8318A8830300FB34D6 /* Foundation.framework */; };
		08F59FA818A8830300FB34D6 /* UIKit.framework in Frameworks */ = {isa = PBXBuildFile; fileRef = 08F59F8718A8830300FB34D6 /* UIKit.framework */; };
		08F59FB018A8830300FB34D6 /* InfoPlist.strings in Resources */ = {isa = PBXBuildFile; fileRef = 08F59FAE18A8830300FB34D6 /* InfoPlist.strings */; };
		08F59FB218A8830300FB34D6 /* ZxcvbnTests.m in Sources */ = {isa = PBXBuildFile; fileRef = 08F59FB118A8830300FB34D6 /* ZxcvbnTests.m */; };
		08F59FC118A8832800FB34D6 /* DBZxcvbn.m in Sources */ = {isa = PBXBuildFile; fileRef = 08F59FBF18A8832800FB34D6 /* DBZxcvbn.m */; };
		08F59FC418A885EE00FB34D6 /* DBMatcher.m in Sources */ = {isa = PBXBuildFile; fileRef = 08F59FC318A885EE00FB34D6 /* DBMatcher.m */; };
		08F59FC718A887BB00FB34D6 /* DBScorer.m in Sources */ = {isa = PBXBuildFile; fileRef = 08F59FC618A887BB00FB34D6 /* DBScorer.m */; };
		08F59FD018A88B3A00FB34D6 /* build_frequency_lists.py in Resources */ = {isa = PBXBuildFile; fileRef = 08F59FCE18A88B3A00FB34D6 /* build_frequency_lists.py */; };
		08F59FD118A88B3A00FB34D6 /* build_keyboard_adjacency_graph.py in Resources */ = {isa = PBXBuildFile; fileRef = 08F59FCF18A88B3A00FB34D6 /* build_keyboard_adjacency_graph.py */; };
		08F59FF218A88BB600FB34D6 /* common_passwords.txt in Resources */ = {isa = PBXBuildFile; fileRef = 08F59FD318A88BB600FB34D6 /* common_passwords.txt */; };
		08F59FF318A88BB600FB34D6 /* README in Resources */ = {isa = PBXBuildFile; fileRef = 08F59FD418A88BB600FB34D6 /* README */; };
		08F59FF418A88BB600FB34D6 /* tv_and_movie_freqlist1-1000.html in Resources */ = {isa = PBXBuildFile; fileRef = 08F59FD518A88BB600FB34D6 /* tv_and_movie_freqlist1-1000.html */; };
		08F59FF518A88BB600FB34D6 /* tv_and_movie_freqlist10001-12000.html in Resources */ = {isa = PBXBuildFile; fileRef = 08F59FD618A88BB600FB34D6 /* tv_and_movie_freqlist10001-12000.html */; };
		08F59FF618A88BB600FB34D6 /* tv_and_movie_freqlist1001-2000.html in Resources */ = {isa = PBXBuildFile; fileRef = 08F59FD718A88BB600FB34D6 /* tv_and_movie_freqlist1001-2000.html */; };
		08F59FF718A88BB600FB34D6 /* tv_and_movie_freqlist12001-14000.html in Resources */ = {isa = PBXBuildFile; fileRef = 08F59FD818A88BB600FB34D6 /* tv_and_movie_freqlist12001-14000.html */; };
		08F59FF818A88BB600FB34D6 /* tv_and_movie_freqlist14001-16000.html in Resources */ = {isa = PBXBuildFile; fileRef = 08F59FD918A88BB600FB34D6 /* tv_and_movie_freqlist14001-16000.html */; };
		08F59FF918A88BB600FB34D6 /* tv_and_movie_freqlist16001-18000.html in Resources */ = {isa = PBXBuildFile; fileRef = 08F59FDA18A88BB600FB34D6 /* tv_and_movie_freqlist16001-18000.html */; };
		08F59FFA18A88BB600FB34D6 /* tv_and_movie_freqlist18001-20000.html in Resources */ = {isa = PBXBuildFile; fileRef = 08F59FDB18A88BB600FB34D6 /* tv_and_movie_freqlist18001-20000.html */; };
		08F59FFB18A88BB600FB34D6 /* tv_and_movie_freqlist20001-22000.html in Resources */ = {isa = PBXBuildFile; fileRef = 08F59FDC18A88BB600FB34D6 /* tv_and_movie_freqlist20001-22000.html */; };
		08F59FFC18A88BB600FB34D6 /* tv_and_movie_freqlist2001-3000.html in Resources */ = {isa = PBXBuildFile; fileRef = 08F59FDD18A88BB600FB34D6 /* tv_and_movie_freqlist2001-3000.html */; };
		08F59FFD18A88BB600FB34D6 /* tv_and_movie_freqlist22001-24000.html in Resources */ = {isa = PBXBuildFile; fileRef = 08F59FDE18A88BB600FB34D6 /* tv_and_movie_freqlist22001-24000.html */; };
		08F59FFE18A88BB600FB34D6 /* tv_and_movie_freqlist24001-26000.html in Resources */ = {isa = PBXBuildFile; fileRef = 08F59FDF18A88BB600FB34D6 /* tv_and_movie_freqlist24001-26000.html */; };
		08F59FFF18A88BB600FB34D6 /* tv_and_movie_freqlist26001-28000.html in Resources */ = {isa = PBXBuildFile; fileRef = 08F59FE018A88BB600FB34D6 /* tv_and_movie_freqlist26001-28000.html */; };
		08F5A00018A88BB600FB34D6 /* tv_and_movie_freqlist28001-30000.html in Resources */ = {isa = PBXBuildFile; fileRef = 08F59FE118A88BB600FB34D6 /* tv_and_movie_freqlist28001-30000.html */; };
		08F5A00118A88BB600FB34D6 /* tv_and_movie_freqlist30001-32000.html in Resources */ = {isa = PBXBuildFile; fileRef = 08F59FE218A88BB600FB34D6 /* tv_and_movie_freqlist30001-32000.html */; };
		08F5A00218A88BB600FB34D6 /* tv_and_movie_freqlist3001-4000.html in Resources */ = {isa = PBXBuildFile; fileRef = 08F59FE318A88BB600FB34D6 /* tv_and_movie_freqlist3001-4000.html */; };
		08F5A00318A88BB600FB34D6 /* tv_and_movie_freqlist32001-34000.html in Resources */ = {isa = PBXBuildFile; fileRef = 08F59FE418A88BB600FB34D6 /* tv_and_movie_freqlist32001-34000.html */; };
		08F5A00418A88BB600FB34D6 /* tv_and_movie_freqlist34001-36000.html in Resources */ = {isa = PBXBuildFile; fileRef = 08F59FE518A88BB600FB34D6 /* tv_and_movie_freqlist34001-36000.html */; };
		08F5A00518A88BB600FB34D6 /* tv_and_movie_freqlist36001-38000.html in Resources */ = {isa = PBXBuildFile; fileRef = 08F59FE618A88BB600FB34D6 /* tv_and_movie_freqlist36001-38000.html */; };
		08F5A00618A88BB600FB34D6 /* tv_and_movie_freqlist38001-40000.html in Resources */ = {isa = PBXBuildFile; fileRef = 08F59FE718A88BB600FB34D6 /* tv_and_movie_freqlist38001-40000.html */; };
		08F5A00718A88BB600FB34D6 /* tv_and_movie_freqlist40001-41284.html in Resources */ = {isa = PBXBuildFile; fileRef = 08F59FE818A88BB600FB34D6 /* tv_and_movie_freqlist40001-41284.html */; };
		08F5A00818A88BB600FB34D6 /* tv_and_movie_freqlist4001-5000.html in Resources */ = {isa = PBXBuildFile; fileRef = 08F59FE918A88BB600FB34D6 /* tv_and_movie_freqlist4001-5000.html */; };
		08F5A00918A88BB600FB34D6 /* tv_and_movie_freqlist5001-6000.html in Resources */ = {isa = PBXBuildFile; fileRef = 08F59FEA18A88BB600FB34D6 /* tv_and_movie_freqlist5001-6000.html */; };
		08F5A00A18A88BB600FB34D6 /* tv_and_movie_freqlist6001-7000.html in Resources */ = {isa = PBXBuildFile; fileRef = 08F59FEB18A88BB600FB34D6 /* tv_and_movie_freqlist6001-7000.html */; };
		08F5A00B18A88BB600FB34D6 /* tv_and_movie_freqlist7001-8000.html in Resources */ = {isa = PBXBuildFile; fileRef = 08F59FEC18A88BB600FB34D6 /* tv_and_movie_freqlist7001-8000.html */; };
		08F5A00C18A88BB600FB34D6 /* tv_and_movie_freqlist8001-9000.html in Resources */ = {isa = PBXBuildFile; fileRef = 08F59FED18A88BB600FB34D6 /* tv_and_movie_freqlist8001-9000.html */; };
		08F5A00D18A88BB600FB34D6 /* tv_and_movie_freqlist9001-10000.html in Resources */ = {isa = PBXBuildFile; fileRef = 08F59FEE18A88BB600FB34D6 /* tv_and_movie_freqlist9001-10000.html */; };
		08F5A00E18A88BB600FB34D6 /* us_census_2000_female_first.txt in Resources */ = {isa = PBXBuildFile; fileRef = 08F59FEF18A88BB600FB34D6 /* us_census_2000_female_first.txt */; };
		08F5A00F18A88BB600FB34D6 /* us_census_2000_male_first.txt in Resources */ = {isa = PBXBuildFile; fileRef = 08F59FF018A88BB600FB34D6 /* us_census_2000_male_first.txt */; };
		08F5A01018A88BB600FB34D6 /* us_census_2000_surnames.txt in Resources */ = {isa = PBXBuildFile; fileRef = 08F59FF118A88BB600FB34D6 /* us_census_2000_surnames.txt */; };
		08F5A01418A88C0800FB34D6 /* adjacency_graphs.json in Resources */ = {isa = PBXBuildFile; fileRef = 08F5A01218A88C0800FB34D6 /* adjacency_graphs.json */; };
		08F5A01518A88C0800FB34D6 /* frequency_lists.json in Resources */ = {isa = PBXBuildFile; fileRef = 08F5A01318A88C0800FB34D6 /* frequency_lists.json */; };
		4C70A41919003A460014646E /* LICENSE.txt in Resources */ = {isa = PBXBuildFile; fileRef = 4C70A41819003A460014646E /* LICENSE.txt */; };
/* End PBXBuildFile section */

/* Begin PBXContainerItemProxy section */
		08F59FA918A8830300FB34D6 /* PBXContainerItemProxy */ = {
			isa = PBXContainerItemProxy;
			containerPortal = 08F59F7818A8830300FB34D6 /* Project object */;
			proxyType = 1;
			remoteGlobalIDString = 08F59F7F18A8830300FB34D6;
			remoteInfo = Zxcvbn;
		};
/* End PBXContainerItemProxy section */

/* Begin PBXFileReference section */
		08AE00E218B9A795006BB842 /* README.md */ = {isa = PBXFileReference; fileEncoding = 4; lastKnownFileType = text; path = README.md; sourceTree = SOURCE_ROOT; };
		08EDE53D18B913EA0056B2C4 /* DBPasswordStrengthMeterView.h */ = {isa = PBXFileReference; fileEncoding = 4; lastKnownFileType = sourcecode.c.h; path = DBPasswordStrengthMeterView.h; sourceTree = "<group>"; };
		08EDE53E18B913EA0056B2C4 /* DBPasswordStrengthMeterView.m */ = {isa = PBXFileReference; fileEncoding = 4; lastKnownFileType = sourcecode.c.objc; path = DBPasswordStrengthMeterView.m; sourceTree = "<group>"; };
		08EDE54018B9146C0056B2C4 /* DBCreateAccountViewController.h */ = {isa = PBXFileReference; fileEncoding = 4; lastKnownFileType = sourcecode.c.h; path = DBCreateAccountViewController.h; sourceTree = "<group>"; };
		08EDE54118B9146C0056B2C4 /* DBCreateAccountViewController.m */ = {isa = PBXFileReference; fileEncoding = 4; lastKnownFileType = sourcecode.c.objc; path = DBCreateAccountViewController.m; sourceTree = "<group>"; };
		08F59F8018A8830300FB34D6 /* Zxcvbn.app */ = {isa = PBXFileReference; explicitFileType = wrapper.application; includeInIndex = 0; path = Zxcvbn.app; sourceTree = BUILT_PRODUCTS_DIR; };
		08F59F8318A8830300FB34D6 /* Foundation.framework */ = {isa = PBXFileReference; lastKnownFileType = wrapper.framework; name = Foundation.framework; path = System/Library/Frameworks/Foundation.framework; sourceTree = SDKROOT; };
		08F59F8518A8830300FB34D6 /* CoreGraphics.framework */ = {isa = PBXFileReference; lastKnownFileType = wrapper.framework; name = CoreGraphics.framework; path = System/Library/Frameworks/CoreGraphics.framework; sourceTree = SDKROOT; };
		08F59F8718A8830300FB34D6 /* UIKit.framework */ = {isa = PBXFileReference; lastKnownFileType = wrapper.framework; name = UIKit.framework; path = System/Library/Frameworks/UIKit.framework; sourceTree = SDKROOT; };
		08F59F8B18A8830300FB34D6 /* Zxcvbn-Info.plist */ = {isa = PBXFileReference; lastKnownFileType = text.plist.xml; path = "Zxcvbn-Info.plist"; sourceTree = "<group>"; };
		08F59F8D18A8830300FB34D6 /* en */ = {isa = PBXFileReference; lastKnownFileType = text.plist.strings; name = en; path = en.lproj/InfoPlist.strings; sourceTree = "<group>"; };
		08F59F8F18A8830300FB34D6 /* main.m */ = {isa = PBXFileReference; lastKnownFileType = sourcecode.c.objc; path = main.m; sourceTree = "<group>"; };
		08F59F9118A8830300FB34D6 /* Zxcvbn-Prefix.pch */ = {isa = PBXFileReference; lastKnownFileType = sourcecode.c.h; path = "Zxcvbn-Prefix.pch"; sourceTree = "<group>"; };
		08F59F9218A8830300FB34D6 /* DBAppDelegate.h */ = {isa = PBXFileReference; lastKnownFileType = sourcecode.c.h; path = DBAppDelegate.h; sourceTree = "<group>"; };
		08F59F9318A8830300FB34D6 /* DBAppDelegate.m */ = {isa = PBXFileReference; lastKnownFileType = sourcecode.c.objc; path = DBAppDelegate.m; sourceTree = "<group>"; };
		08F59F9618A8830300FB34D6 /* Base */ = {isa = PBXFileReference; lastKnownFileType = file.storyboard; name = Base; path = Base.lproj/Main_iPhone.storyboard; sourceTree = "<group>"; };
		08F59F9918A8830300FB34D6 /* Base */ = {isa = PBXFileReference; lastKnownFileType = file.storyboard; name = Base; path = Base.lproj/Main_iPad.storyboard; sourceTree = "<group>"; };
		08F59F9E18A8830300FB34D6 /* Images.xcassets */ = {isa = PBXFileReference; lastKnownFileType = folder.assetcatalog; path = Images.xcassets; sourceTree = "<group>"; };
		08F59FA418A8830300FB34D6 /* ZxcvbnTests.xctest */ = {isa = PBXFileReference; explicitFileType = wrapper.cfbundle; includeInIndex = 0; path = ZxcvbnTests.xctest; sourceTree = BUILT_PRODUCTS_DIR; };
		08F59FA518A8830300FB34D6 /* XCTest.framework */ = {isa = PBXFileReference; lastKnownFileType = wrapper.framework; name = XCTest.framework; path = Library/Frameworks/XCTest.framework; sourceTree = DEVELOPER_DIR; };
		08F59FAD18A8830300FB34D6 /* ZxcvbnTests-Info.plist */ = {isa = PBXFileReference; lastKnownFileType = text.plist.xml; path = "ZxcvbnTests-Info.plist"; sourceTree = "<group>"; };
		08F59FAF18A8830300FB34D6 /* en */ = {isa = PBXFileReference; lastKnownFileType = text.plist.strings; name = en; path = en.lproj/InfoPlist.strings; sourceTree = "<group>"; };
		08F59FB118A8830300FB34D6 /* ZxcvbnTests.m */ = {isa = PBXFileReference; lastKnownFileType = sourcecode.c.objc; path = ZxcvbnTests.m; sourceTree = "<group>"; };
		08F59FBE18A8832800FB34D6 /* DBZxcvbn.h */ = {isa = PBXFileReference; fileEncoding = 4; lastKnownFileType = sourcecode.c.h; path = DBZxcvbn.h; sourceTree = "<group>"; };
		08F59FBF18A8832800FB34D6 /* DBZxcvbn.m */ = {isa = PBXFileReference; fileEncoding = 4; lastKnownFileType = sourcecode.c.objc; path = DBZxcvbn.m; sourceTree = "<group>"; };
		08F59FC218A885EE00FB34D6 /* DBMatcher.h */ = {isa = PBXFileReference; fileEncoding = 4; lastKnownFileType = sourcecode.c.h; path = DBMatcher.h; sourceTree = "<group>"; };
		08F59FC318A885EE00FB34D6 /* DBMatcher.m */ = {isa = PBXFileReference; fileEncoding = 4; lastKnownFileType = sourcecode.c.objc; path = DBMatcher.m; sourceTree = "<group>"; };
		08F59FC518A887BB00FB34D6 /* DBScorer.h */ = {isa = PBXFileReference; fileEncoding = 4; lastKnownFileType = sourcecode.c.h; path = DBScorer.h; sourceTree = "<group>"; };
		08F59FC618A887BB00FB34D6 /* DBScorer.m */ = {isa = PBXFileReference; fileEncoding = 4; lastKnownFileType = sourcecode.c.objc; path = DBScorer.m; sourceTree = "<group>"; };
		08F59FCE18A88B3A00FB34D6 /* build_frequency_lists.py */ = {isa = PBXFileReference; fileEncoding = 4; lastKnownFileType = text.script.python; path = build_frequency_lists.py; sourceTree = "<group>"; };
		08F59FCF18A88B3A00FB34D6 /* build_keyboard_adjacency_graph.py */ = {isa = PBXFileReference; fileEncoding = 4; lastKnownFileType = text.script.python; path = build_keyboard_adjacency_graph.py; sourceTree = "<group>"; };
		08F59FD318A88BB600FB34D6 /* common_passwords.txt */ = {isa = PBXFileReference; fileEncoding = 4; lastKnownFileType = text; path = common_passwords.txt; sourceTree = "<group>"; };
		08F59FD418A88BB600FB34D6 /* README */ = {isa = PBXFileReference; fileEncoding = 4; lastKnownFileType = text; path = README; sourceTree = "<group>"; };
		08F59FD518A88BB600FB34D6 /* tv_and_movie_freqlist1-1000.html */ = {isa = PBXFileReference; fileEncoding = 4; lastKnownFileType = text.html; path = "tv_and_movie_freqlist1-1000.html"; sourceTree = "<group>"; };
		08F59FD618A88BB600FB34D6 /* tv_and_movie_freqlist10001-12000.html */ = {isa = PBXFileReference; fileEncoding = 4; lastKnownFileType = text.html; path = "tv_and_movie_freqlist10001-12000.html"; sourceTree = "<group>"; };
		08F59FD718A88BB600FB34D6 /* tv_and_movie_freqlist1001-2000.html */ = {isa = PBXFileReference; fileEncoding = 4; lastKnownFileType = text.html; path = "tv_and_movie_freqlist1001-2000.html"; sourceTree = "<group>"; };
		08F59FD818A88BB600FB34D6 /* tv_and_movie_freqlist12001-14000.html */ = {isa = PBXFileReference; fileEncoding = 4; lastKnownFileType = text.html; path = "tv_and_movie_freqlist12001-14000.html"; sourceTree = "<group>"; };
		08F59FD918A88BB600FB34D6 /* tv_and_movie_freqlist14001-16000.html */ = {isa = PBXFileReference; fileEncoding = 4; lastKnownFileType = text.html; path = "tv_and_movie_freqlist14001-16000.html"; sourceTree = "<group>"; };
		08F59FDA18A88BB600FB34D6 /* tv_and_movie_freqlist16001-18000.html */ = {isa = PBXFileReference; fileEncoding = 4; lastKnownFileType = text.html; path = "tv_and_movie_freqlist16001-18000.html"; sourceTree = "<group>"; };
		08F59FDB18A88BB600FB34D6 /* tv_and_movie_freqlist18001-20000.html */ = {isa = PBXFileReference; fileEncoding = 4; lastKnownFileType = text.html; path = "tv_and_movie_freqlist18001-20000.html"; sourceTree = "<group>"; };
		08F59FDC18A88BB600FB34D6 /* tv_and_movie_freqlist20001-22000.html */ = {isa = PBXFileReference; fileEncoding = 4; lastKnownFileType = text.html; path = "tv_and_movie_freqlist20001-22000.html"; sourceTree = "<group>"; };
		08F59FDD18A88BB600FB34D6 /* tv_and_movie_freqlist2001-3000.html */ = {isa = PBXFileReference; fileEncoding = 4; lastKnownFileType = text.html; path = "tv_and_movie_freqlist2001-3000.html"; sourceTree = "<group>"; };
		08F59FDE18A88BB600FB34D6 /* tv_and_movie_freqlist22001-24000.html */ = {isa = PBXFileReference; fileEncoding = 4; lastKnownFileType = text.html; path = "tv_and_movie_freqlist22001-24000.html"; sourceTree = "<group>"; };
		08F59FDF18A88BB600FB34D6 /* tv_and_movie_freqlist24001-26000.html */ = {isa = PBXFileReference; fileEncoding = 4; lastKnownFileType = text.html; path = "tv_and_movie_freqlist24001-26000.html"; sourceTree = "<group>"; };
		08F59FE018A88BB600FB34D6 /* tv_and_movie_freqlist26001-28000.html */ = {isa = PBXFileReference; fileEncoding = 4; lastKnownFileType = text.html; path = "tv_and_movie_freqlist26001-28000.html"; sourceTree = "<group>"; };
		08F59FE118A88BB600FB34D6 /* tv_and_movie_freqlist28001-30000.html */ = {isa = PBXFileReference; fileEncoding = 4; lastKnownFileType = text.html; path = "tv_and_movie_freqlist28001-30000.html"; sourceTree = "<group>"; };
		08F59FE218A88BB600FB34D6 /* tv_and_movie_freqlist30001-32000.html */ = {isa = PBXFileReference; fileEncoding = 4; lastKnownFileType = text.html; path = "tv_and_movie_freqlist30001-32000.html"; sourceTree = "<group>"; };
		08F59FE318A88BB600FB34D6 /* tv_and_movie_freqlist3001-4000.html */ = {isa = PBXFileReference; fileEncoding = 4; lastKnownFileType = text.html; path = "tv_and_movie_freqlist3001-4000.html"; sourceTree = "<group>"; };
		08F59FE418A88BB600FB34D6 /* tv_and_movie_freqlist32001-34000.html */ = {isa = PBXFileReference; fileEncoding = 4; lastKnownFileType = text.html; path = "tv_and_movie_freqlist32001-34000.html"; sourceTree = "<group>"; };
		08F59FE518A88BB600FB34D6 /* tv_and_movie_freqlist34001-36000.html */ = {isa = PBXFileReference; fileEncoding = 4; lastKnownFileType = text.html; path = "tv_and_movie_freqlist34001-36000.html"; sourceTree = "<group>"; };
		08F59FE618A88BB600FB34D6 /* tv_and_movie_freqlist36001-38000.html */ = {isa = PBXFileReference; fileEncoding = 4; lastKnownFileType = text.html; path = "tv_and_movie_freqlist36001-38000.html"; sourceTree = "<group>"; };
		08F59FE718A88BB600FB34D6 /* tv_and_movie_freqlist38001-40000.html */ = {isa = PBXFileReference; fileEncoding = 4; lastKnownFileType = text.html; path = "tv_and_movie_freqlist38001-40000.html"; sourceTree = "<group>"; };
		08F59FE818A88BB600FB34D6 /* tv_and_movie_freqlist40001-41284.html */ = {isa = PBXFileReference; fileEncoding = 4; lastKnownFileType = text.html; path = "tv_and_movie_freqlist40001-41284.html"; sourceTree = "<group>"; };
		08F59FE918A88BB600FB34D6 /* tv_and_movie_freqlist4001-5000.html */ = {isa = PBXFileReference; fileEncoding = 4; lastKnownFileType = text.html; path = "tv_and_movie_freqlist4001-5000.html"; sourceTree = "<group>"; };
		08F59FEA18A88BB600FB34D6 /* tv_and_movie_freqlist5001-6000.html */ = {isa = PBXFileReference; fileEncoding = 4; lastKnownFileType = text.html; path = "tv_and_movie_freqlist5001-6000.html"; sourceTree = "<group>"; };
		08F59FEB18A88BB600FB34D6 /* tv_and_movie_freqlist6001-7000.html */ = {isa = PBXFileReference; fileEncoding = 4; lastKnownFileType = text.html; path = "tv_and_movie_freqlist6001-7000.html"; sourceTree = "<group>"; };
		08F59FEC18A88BB600FB34D6 /* tv_and_movie_freqlist7001-8000.html */ = {isa = PBXFileReference; fileEncoding = 4; lastKnownFileType = text.html; path = "tv_and_movie_freqlist7001-8000.html"; sourceTree = "<group>"; };
		08F59FED18A88BB600FB34D6 /* tv_and_movie_freqlist8001-9000.html */ = {isa = PBXFileReference; fileEncoding = 4; lastKnownFileType = text.html; path = "tv_and_movie_freqlist8001-9000.html"; sourceTree = "<group>"; };
		08F59FEE18A88BB600FB34D6 /* tv_and_movie_freqlist9001-10000.html */ = {isa = PBXFileReference; fileEncoding = 4; lastKnownFileType = text.html; path = "tv_and_movie_freqlist9001-10000.html"; sourceTree = "<group>"; };
		08F59FEF18A88BB600FB34D6 /* us_census_2000_female_first.txt */ = {isa = PBXFileReference; fileEncoding = 4; lastKnownFileType = text; path = us_census_2000_female_first.txt; sourceTree = "<group>"; };
		08F59FF018A88BB600FB34D6 /* us_census_2000_male_first.txt */ = {isa = PBXFileReference; fileEncoding = 4; lastKnownFileType = text; path = us_census_2000_male_first.txt; sourceTree = "<group>"; };
		08F59FF118A88BB600FB34D6 /* us_census_2000_surnames.txt */ = {isa = PBXFileReference; fileEncoding = 4; lastKnownFileType = text; path = us_census_2000_surnames.txt; sourceTree = "<group>"; };
		08F5A01218A88C0800FB34D6 /* adjacency_graphs.json */ = {isa = PBXFileReference; fileEncoding = 4; lastKnownFileType = text.json; path = adjacency_graphs.json; sourceTree = "<group>"; };
		08F5A01318A88C0800FB34D6 /* frequency_lists.json */ = {isa = PBXFileReference; fileEncoding = 4; lastKnownFileType = text.json; path = frequency_lists.json; sourceTree = "<group>"; };
		4C70A41819003A460014646E /* LICENSE.txt */ = {isa = PBXFileReference; fileEncoding = 4; lastKnownFileType = text; path = LICENSE.txt; sourceTree = SOURCE_ROOT; };
/* End PBXFileReference section */

/* Begin PBXFrameworksBuildPhase section */
		08F59F7D18A8830300FB34D6 /* Frameworks */ = {
			isa = PBXFrameworksBuildPhase;
			buildActionMask = 2147483647;
			files = (
				08F59F8618A8830300FB34D6 /* CoreGraphics.framework in Frameworks */,
				08F59F8818A8830300FB34D6 /* UIKit.framework in Frameworks */,
				08F59F8418A8830300FB34D6 /* Foundation.framework in Frameworks */,
			);
			runOnlyForDeploymentPostprocessing = 0;
		};
		08F59FA118A8830300FB34D6 /* Frameworks */ = {
			isa = PBXFrameworksBuildPhase;
			buildActionMask = 2147483647;
			files = (
				08F59FA618A8830300FB34D6 /* XCTest.framework in Frameworks */,
				08F59FA818A8830300FB34D6 /* UIKit.framework in Frameworks */,
				08F59FA718A8830300FB34D6 /* Foundation.framework in Frameworks */,
			);
			runOnlyForDeploymentPostprocessing = 0;
		};
/* End PBXFrameworksBuildPhase section */

/* Begin PBXGroup section */
		08F59F7718A8830300FB34D6 = {
			isa = PBXGroup;
			children = (
				08F59F8918A8830300FB34D6 /* Zxcvbn */,
				08F59FAB18A8830300FB34D6 /* ZxcvbnTests */,
				08F59F8218A8830300FB34D6 /* Frameworks */,
				08F59F8118A8830300FB34D6 /* Products */,
			);
			sourceTree = "<group>";
		};
		08F59F8118A8830300FB34D6 /* Products */ = {
			isa = PBXGroup;
			children = (
				08F59F8018A8830300FB34D6 /* Zxcvbn.app */,
				08F59FA418A8830300FB34D6 /* ZxcvbnTests.xctest */,
			);
			name = Products;
			sourceTree = "<group>";
		};
		08F59F8218A8830300FB34D6 /* Frameworks */ = {
			isa = PBXGroup;
			children = (
				08F59F8518A8830300FB34D6 /* CoreGraphics.framework */,
				08F59F8318A8830300FB34D6 /* Foundation.framework */,
				08F59F8718A8830300FB34D6 /* UIKit.framework */,
				08F59FA518A8830300FB34D6 /* XCTest.framework */,
			);
			name = Frameworks;
			sourceTree = "<group>";
		};
		08F59F8918A8830300FB34D6 /* Zxcvbn */ = {
			isa = PBXGroup;
			children = (
				08F59FBB18A8832800FB34D6 /* Zxcvbn */,
				08F59F9218A8830300FB34D6 /* DBAppDelegate.h */,
				08F59F9318A8830300FB34D6 /* DBAppDelegate.m */,
				08F59F9518A8830300FB34D6 /* Main_iPhone.storyboard */,
				08F59F9818A8830300FB34D6 /* Main_iPad.storyboard */,
				08EDE54018B9146C0056B2C4 /* DBCreateAccountViewController.h */,
				08EDE54118B9146C0056B2C4 /* DBCreateAccountViewController.m */,
				08EDE53D18B913EA0056B2C4 /* DBPasswordStrengthMeterView.h */,
				08EDE53E18B913EA0056B2C4 /* DBPasswordStrengthMeterView.m */,
				08F59F9E18A8830300FB34D6 /* Images.xcassets */,
				08F59F8A18A8830300FB34D6 /* Supporting Files */,
			);
			path = Zxcvbn;
			sourceTree = "<group>";
		};
		08F59F8A18A8830300FB34D6 /* Supporting Files */ = {
			isa = PBXGroup;
			children = (
				08F59F8B18A8830300FB34D6 /* Zxcvbn-Info.plist */,
				08F59F8C18A8830300FB34D6 /* InfoPlist.strings */,
				08F59F8F18A8830300FB34D6 /* main.m */,
				08F59F9118A8830300FB34D6 /* Zxcvbn-Prefix.pch */,
				08AE00E218B9A795006BB842 /* README.md */,
				4C70A41819003A460014646E /* LICENSE.txt */,
			);
			name = "Supporting Files";
			sourceTree = "<group>";
		};
		08F59FAB18A8830300FB34D6 /* ZxcvbnTests */ = {
			isa = PBXGroup;
			children = (
				08F59FB118A8830300FB34D6 /* ZxcvbnTests.m */,
				08F59FAC18A8830300FB34D6 /* Supporting Files */,
			);
			path = ZxcvbnTests;
			sourceTree = "<group>";
		};
		08F59FAC18A8830300FB34D6 /* Supporting Files */ = {
			isa = PBXGroup;
			children = (
				08F59FAD18A8830300FB34D6 /* ZxcvbnTests-Info.plist */,
				08F59FAE18A8830300FB34D6 /* InfoPlist.strings */,
			);
			name = "Supporting Files";
			sourceTree = "<group>";
		};
		08F59FBB18A8832800FB34D6 /* Zxcvbn */ = {
			isa = PBXGroup;
			children = (
				08F59FD218A88BB600FB34D6 /* data */,
				08F5A01118A88C0800FB34D6 /* generated */,
				08F59FCD18A88B3A00FB34D6 /* scripts */,
				08F59FC218A885EE00FB34D6 /* DBMatcher.h */,
				08F59FC318A885EE00FB34D6 /* DBMatcher.m */,
				08F59FC518A887BB00FB34D6 /* DBScorer.h */,
				08F59FC618A887BB00FB34D6 /* DBScorer.m */,
				08F59FBE18A8832800FB34D6 /* DBZxcvbn.h */,
				08F59FBF18A8832800FB34D6 /* DBZxcvbn.m */,
			);
			path = Zxcvbn;
			sourceTree = "<group>";
		};
		08F59FCD18A88B3A00FB34D6 /* scripts */ = {
			isa = PBXGroup;
			children = (
				08F59FCE18A88B3A00FB34D6 /* build_frequency_lists.py */,
				08F59FCF18A88B3A00FB34D6 /* build_keyboard_adjacency_graph.py */,
			);
			path = scripts;
			sourceTree = "<group>";
		};
		08F59FD218A88BB600FB34D6 /* data */ = {
			isa = PBXGroup;
			children = (
				08F59FD318A88BB600FB34D6 /* common_passwords.txt */,
				08F59FD418A88BB600FB34D6 /* README */,
				08F59FD518A88BB600FB34D6 /* tv_and_movie_freqlist1-1000.html */,
				08F59FD618A88BB600FB34D6 /* tv_and_movie_freqlist10001-12000.html */,
				08F59FD718A88BB600FB34D6 /* tv_and_movie_freqlist1001-2000.html */,
				08F59FD818A88BB600FB34D6 /* tv_and_movie_freqlist12001-14000.html */,
				08F59FD918A88BB600FB34D6 /* tv_and_movie_freqlist14001-16000.html */,
				08F59FDA18A88BB600FB34D6 /* tv_and_movie_freqlist16001-18000.html */,
				08F59FDB18A88BB600FB34D6 /* tv_and_movie_freqlist18001-20000.html */,
				08F59FDC18A88BB600FB34D6 /* tv_and_movie_freqlist20001-22000.html */,
				08F59FDD18A88BB600FB34D6 /* tv_and_movie_freqlist2001-3000.html */,
				08F59FDE18A88BB600FB34D6 /* tv_and_movie_freqlist22001-24000.html */,
				08F59FDF18A88BB600FB34D6 /* tv_and_movie_freqlist24001-26000.html */,
				08F59FE018A88BB600FB34D6 /* tv_and_movie_freqlist26001-28000.html */,
				08F59FE118A88BB600FB34D6 /* tv_and_movie_freqlist28001-30000.html */,
				08F59FE218A88BB600FB34D6 /* tv_and_movie_freqlist30001-32000.html */,
				08F59FE318A88BB600FB34D6 /* tv_and_movie_freqlist3001-4000.html */,
				08F59FE418A88BB600FB34D6 /* tv_and_movie_freqlist32001-34000.html */,
				08F59FE518A88BB600FB34D6 /* tv_and_movie_freqlist34001-36000.html */,
				08F59FE618A88BB600FB34D6 /* tv_and_movie_freqlist36001-38000.html */,
				08F59FE718A88BB600FB34D6 /* tv_and_movie_freqlist38001-40000.html */,
				08F59FE818A88BB600FB34D6 /* tv_and_movie_freqlist40001-41284.html */,
				08F59FE918A88BB600FB34D6 /* tv_and_movie_freqlist4001-5000.html */,
				08F59FEA18A88BB600FB34D6 /* tv_and_movie_freqlist5001-6000.html */,
				08F59FEB18A88BB600FB34D6 /* tv_and_movie_freqlist6001-7000.html */,
				08F59FEC18A88BB600FB34D6 /* tv_and_movie_freqlist7001-8000.html */,
				08F59FED18A88BB600FB34D6 /* tv_and_movie_freqlist8001-9000.html */,
				08F59FEE18A88BB600FB34D6 /* tv_and_movie_freqlist9001-10000.html */,
				08F59FEF18A88BB600FB34D6 /* us_census_2000_female_first.txt */,
				08F59FF018A88BB600FB34D6 /* us_census_2000_male_first.txt */,
				08F59FF118A88BB600FB34D6 /* us_census_2000_surnames.txt */,
			);
			path = data;
			sourceTree = "<group>";
		};
		08F5A01118A88C0800FB34D6 /* generated */ = {
			isa = PBXGroup;
			children = (
				08F5A01218A88C0800FB34D6 /* adjacency_graphs.json */,
				08F5A01318A88C0800FB34D6 /* frequency_lists.json */,
			);
			path = generated;
			sourceTree = "<group>";
		};
/* End PBXGroup section */

/* Begin PBXNativeTarget section */
		08F59F7F18A8830300FB34D6 /* Zxcvbn */ = {
			isa = PBXNativeTarget;
			buildConfigurationList = 08F59FB518A8830300FB34D6 /* Build configuration list for PBXNativeTarget "Zxcvbn" */;
			buildPhases = (
				08F59F7C18A8830300FB34D6 /* Sources */,
				08F59F7D18A8830300FB34D6 /* Frameworks */,
				08F59F7E18A8830300FB34D6 /* Resources */,
			);
			buildRules = (
			);
			dependencies = (
			);
			name = Zxcvbn;
			productName = Zxcvbn;
			productReference = 08F59F8018A8830300FB34D6 /* Zxcvbn.app */;
			productType = "com.apple.product-type.application";
		};
		08F59FA318A8830300FB34D6 /* ZxcvbnTests */ = {
			isa = PBXNativeTarget;
			buildConfigurationList = 08F59FB818A8830300FB34D6 /* Build configuration list for PBXNativeTarget "ZxcvbnTests" */;
			buildPhases = (
				08F59FA018A8830300FB34D6 /* Sources */,
				08F59FA118A8830300FB34D6 /* Frameworks */,
				08F59FA218A8830300FB34D6 /* Resources */,
			);
			buildRules = (
			);
			dependencies = (
				08F59FAA18A8830300FB34D6 /* PBXTargetDependency */,
			);
			name = ZxcvbnTests;
			productName = ZxcvbnTests;
			productReference = 08F59FA418A8830300FB34D6 /* ZxcvbnTests.xctest */;
			productType = "com.apple.product-type.bundle.unit-test";
		};
/* End PBXNativeTarget section */

/* Begin PBXProject section */
		08F59F7818A8830300FB34D6 /* Project object */ = {
			isa = PBXProject;
			attributes = {
				CLASSPREFIX = DB;
				LastUpgradeCheck = 0510;
				ORGANIZATIONNAME = Dropbox;
				TargetAttributes = {
					08F59FA318A8830300FB34D6 = {
						TestTargetID = 08F59F7F18A8830300FB34D6;
					};
				};
			};
			buildConfigurationList = 08F59F7B18A8830300FB34D6 /* Build configuration list for PBXProject "Zxcvbn" */;
			compatibilityVersion = "Xcode 3.2";
			developmentRegion = English;
			hasScannedForEncodings = 0;
			knownRegions = (
				en,
				Base,
			);
			mainGroup = 08F59F7718A8830300FB34D6;
			productRefGroup = 08F59F8118A8830300FB34D6 /* Products */;
			projectDirPath = "";
			projectRoot = "";
			targets = (
				08F59F7F18A8830300FB34D6 /* Zxcvbn */,
				08F59FA318A8830300FB34D6 /* ZxcvbnTests */,
			);
		};
/* End PBXProject section */

/* Begin PBXResourcesBuildPhase section */
		08F59F7E18A8830300FB34D6 /* Resources */ = {
			isa = PBXResourcesBuildPhase;
			buildActionMask = 2147483647;
			files = (
				08F5A00C18A88BB600FB34D6 /* tv_and_movie_freqlist8001-9000.html in Resources */,
				08F59FFB18A88BB600FB34D6 /* tv_and_movie_freqlist20001-22000.html in Resources */,
				08F5A00818A88BB600FB34D6 /* tv_and_movie_freqlist4001-5000.html in Resources */,
				08F59FD118A88B3A00FB34D6 /* build_keyboard_adjacency_graph.py in Resources */,
				08F59F9A18A8830300FB34D6 /* Main_iPad.storyboard in Resources */,
				08F5A00F18A88BB600FB34D6 /* us_census_2000_male_first.txt in Resources */,
				08F59FD018A88B3A00FB34D6 /* build_frequency_lists.py in Resources */,
				08F5A00918A88BB600FB34D6 /* tv_and_movie_freqlist5001-6000.html in Resources */,
				08F5A01518A88C0800FB34D6 /* frequency_lists.json in Resources */,
				08F5A00518A88BB600FB34D6 /* tv_and_movie_freqlist36001-38000.html in Resources */,
				08F5A00418A88BB600FB34D6 /* tv_and_movie_freqlist34001-36000.html in Resources */,
				08F5A00618A88BB600FB34D6 /* tv_and_movie_freqlist38001-40000.html in Resources */,
				08F5A01418A88C0800FB34D6 /* adjacency_graphs.json in Resources */,
				08F59FFF18A88BB600FB34D6 /* tv_and_movie_freqlist26001-28000.html in Resources */,
				08F59FF618A88BB600FB34D6 /* tv_and_movie_freqlist1001-2000.html in Resources */,
				4C70A41919003A460014646E /* LICENSE.txt in Resources */,
				08F5A00318A88BB600FB34D6 /* tv_and_movie_freqlist32001-34000.html in Resources */,
				08F5A00A18A88BB600FB34D6 /* tv_and_movie_freqlist6001-7000.html in Resources */,
				08F59FF818A88BB600FB34D6 /* tv_and_movie_freqlist14001-16000.html in Resources */,
				08F5A00D18A88BB600FB34D6 /* tv_and_movie_freqlist9001-10000.html in Resources */,
				08F59F9F18A8830300FB34D6 /* Images.xcassets in Resources */,
				08F5A00018A88BB600FB34D6 /* tv_and_movie_freqlist28001-30000.html in Resources */,
				08F5A00718A88BB600FB34D6 /* tv_and_movie_freqlist40001-41284.html in Resources */,
				08F59FF318A88BB600FB34D6 /* README in Resources */,
				08F59FFD18A88BB600FB34D6 /* tv_and_movie_freqlist22001-24000.html in Resources */,
				08F59F9718A8830300FB34D6 /* Main_iPhone.storyboard in Resources */,
				08F59FFA18A88BB600FB34D6 /* tv_and_movie_freqlist18001-20000.html in Resources */,
				08F5A00E18A88BB600FB34D6 /* us_census_2000_female_first.txt in Resources */,
				08F5A01018A88BB600FB34D6 /* us_census_2000_surnames.txt in Resources */,
				08F5A00218A88BB600FB34D6 /* tv_and_movie_freqlist3001-4000.html in Resources */,
				08F59FF918A88BB600FB34D6 /* tv_and_movie_freqlist16001-18000.html in Resources */,
				08F59F8E18A8830300FB34D6 /* InfoPlist.strings in Resources */,
				08F59FF418A88BB600FB34D6 /* tv_and_movie_freqlist1-1000.html in Resources */,
				08F59FFE18A88BB600FB34D6 /* tv_and_movie_freqlist24001-26000.html in Resources */,
				08F59FF518A88BB600FB34D6 /* tv_and_movie_freqlist10001-12000.html in Resources */,
				08F5A00118A88BB600FB34D6 /* tv_and_movie_freqlist30001-32000.html in Resources */,
				08F59FF718A88BB600FB34D6 /* tv_and_movie_freqlist12001-14000.html in Resources */,
				08F59FF218A88BB600FB34D6 /* common_passwords.txt in Resources */,
				08F59FFC18A88BB600FB34D6 /* tv_and_movie_freqlist2001-3000.html in Resources */,
				08AE00E318B9A795006BB842 /* README.md in Resources */,
				08F5A00B18A88BB600FB34D6 /* tv_and_movie_freqlist7001-8000.html in Resources */,
			);
			runOnlyForDeploymentPostprocessing = 0;
		};
		08F59FA218A8830300FB34D6 /* Resources */ = {
			isa = PBXResourcesBuildPhase;
			buildActionMask = 2147483647;
			files = (
				08F59FB018A8830300FB34D6 /* InfoPlist.strings in Resources */,
			);
			runOnlyForDeploymentPostprocessing = 0;
		};
/* End PBXResourcesBuildPhase section */

/* Begin PBXSourcesBuildPhase section */
		08F59F7C18A8830300FB34D6 /* Sources */ = {
			isa = PBXSourcesBuildPhase;
			buildActionMask = 2147483647;
			files = (
				08EDE54218B9146C0056B2C4 /* DBCreateAccountViewController.m in Sources */,
				08F59FC418A885EE00FB34D6 /* DBMatcher.m in Sources */,
				08F59FC118A8832800FB34D6 /* DBZxcvbn.m in Sources */,
				08EDE53F18B913EA0056B2C4 /* DBPasswordStrengthMeterView.m in Sources */,
				08F59F9418A8830300FB34D6 /* DBAppDelegate.m in Sources */,
				08F59FC718A887BB00FB34D6 /* DBScorer.m in Sources */,
				08F59F9018A8830300FB34D6 /* main.m in Sources */,
			);
			runOnlyForDeploymentPostprocessing = 0;
		};
		08F59FA018A8830300FB34D6 /* Sources */ = {
			isa = PBXSourcesBuildPhase;
			buildActionMask = 2147483647;
			files = (
				08F59FB218A8830300FB34D6 /* ZxcvbnTests.m in Sources */,
			);
			runOnlyForDeploymentPostprocessing = 0;
		};
/* End PBXSourcesBuildPhase section */

/* Begin PBXTargetDependency section */
		08F59FAA18A8830300FB34D6 /* PBXTargetDependency */ = {
			isa = PBXTargetDependency;
			target = 08F59F7F18A8830300FB34D6 /* Zxcvbn */;
			targetProxy = 08F59FA918A8830300FB34D6 /* PBXContainerItemProxy */;
		};
/* End PBXTargetDependency section */

/* Begin PBXVariantGroup section */
		08F59F8C18A8830300FB34D6 /* InfoPlist.strings */ = {
			isa = PBXVariantGroup;
			children = (
				08F59F8D18A8830300FB34D6 /* en */,
			);
			name = InfoPlist.strings;
			sourceTree = "<group>";
		};
		08F59F9518A8830300FB34D6 /* Main_iPhone.storyboard */ = {
			isa = PBXVariantGroup;
			children = (
				08F59F9618A8830300FB34D6 /* Base */,
			);
			name = Main_iPhone.storyboard;
			sourceTree = "<group>";
		};
		08F59F9818A8830300FB34D6 /* Main_iPad.storyboard */ = {
			isa = PBXVariantGroup;
			children = (
				08F59F9918A8830300FB34D6 /* Base */,
			);
			name = Main_iPad.storyboard;
			sourceTree = "<group>";
		};
		08F59FAE18A8830300FB34D6 /* InfoPlist.strings */ = {
			isa = PBXVariantGroup;
			children = (
				08F59FAF18A8830300FB34D6 /* en */,
			);
			name = InfoPlist.strings;
			sourceTree = "<group>";
		};
/* End PBXVariantGroup section */

/* Begin XCBuildConfiguration section */
		08F59FB318A8830300FB34D6 /* Debug */ = {
			isa = XCBuildConfiguration;
			buildSettings = {
				ALWAYS_SEARCH_USER_PATHS = NO;
				CLANG_CXX_LANGUAGE_STANDARD = "gnu++0x";
				CLANG_CXX_LIBRARY = "libc++";
				CLANG_ENABLE_MODULES = YES;
				CLANG_ENABLE_OBJC_ARC = YES;
				CLANG_WARN_BOOL_CONVERSION = YES;
				CLANG_WARN_CONSTANT_CONVERSION = YES;
				CLANG_WARN_DIRECT_OBJC_ISA_USAGE = YES_ERROR;
				CLANG_WARN_EMPTY_BODY = YES;
				CLANG_WARN_ENUM_CONVERSION = YES;
				CLANG_WARN_INT_CONVERSION = YES;
				CLANG_WARN_OBJC_ROOT_CLASS = YES_ERROR;
				CLANG_WARN__DUPLICATE_METHOD_MATCH = YES;
				"CODE_SIGN_IDENTITY[sdk=iphoneos*]" = "iPhone Developer";
				COPY_PHASE_STRIP = NO;
				GCC_C_LANGUAGE_STANDARD = gnu99;
				GCC_DYNAMIC_NO_PIC = NO;
				GCC_OPTIMIZATION_LEVEL = 0;
				GCC_PREPROCESSOR_DEFINITIONS = (
					"DEBUG=1",
					"$(inherited)",
				);
				GCC_SYMBOLS_PRIVATE_EXTERN = NO;
				GCC_WARN_64_TO_32_BIT_CONVERSION = YES;
				GCC_WARN_ABOUT_RETURN_TYPE = YES_ERROR;
				GCC_WARN_UNDECLARED_SELECTOR = YES;
				GCC_WARN_UNINITIALIZED_AUTOS = YES;
				GCC_WARN_UNUSED_FUNCTION = YES;
				GCC_WARN_UNUSED_VARIABLE = YES;
				IPHONEOS_DEPLOYMENT_TARGET = 7.0;
				ONLY_ACTIVE_ARCH = YES;
				SDKROOT = iphoneos;
				TARGETED_DEVICE_FAMILY = "1,2";
			};
			name = Debug;
		};
		08F59FB418A8830300FB34D6 /* Release */ = {
			isa = XCBuildConfiguration;
			buildSettings = {
				ALWAYS_SEARCH_USER_PATHS = NO;
				CLANG_CXX_LANGUAGE_STANDARD = "gnu++0x";
				CLANG_CXX_LIBRARY = "libc++";
				CLANG_ENABLE_MODULES = YES;
				CLANG_ENABLE_OBJC_ARC = YES;
				CLANG_WARN_BOOL_CONVERSION = YES;
				CLANG_WARN_CONSTANT_CONVERSION = YES;
				CLANG_WARN_DIRECT_OBJC_ISA_USAGE = YES_ERROR;
				CLANG_WARN_EMPTY_BODY = YES;
				CLANG_WARN_ENUM_CONVERSION = YES;
				CLANG_WARN_INT_CONVERSION = YES;
				CLANG_WARN_OBJC_ROOT_CLASS = YES_ERROR;
				CLANG_WARN__DUPLICATE_METHOD_MATCH = YES;
				"CODE_SIGN_IDENTITY[sdk=iphoneos*]" = "iPhone Developer";
				COPY_PHASE_STRIP = YES;
				ENABLE_NS_ASSERTIONS = NO;
				GCC_C_LANGUAGE_STANDARD = gnu99;
				GCC_WARN_64_TO_32_BIT_CONVERSION = YES;
				GCC_WARN_ABOUT_RETURN_TYPE = YES_ERROR;
				GCC_WARN_UNDECLARED_SELECTOR = YES;
				GCC_WARN_UNINITIALIZED_AUTOS = YES;
				GCC_WARN_UNUSED_FUNCTION = YES;
				GCC_WARN_UNUSED_VARIABLE = YES;
				IPHONEOS_DEPLOYMENT_TARGET = 7.0;
				SDKROOT = iphoneos;
				TARGETED_DEVICE_FAMILY = "1,2";
				VALIDATE_PRODUCT = YES;
			};
			name = Release;
		};
		08F59FB618A8830300FB34D6 /* Debug */ = {
			isa = XCBuildConfiguration;
			buildSettings = {
				ASSETCATALOG_COMPILER_APPICON_NAME = AppIcon;
				ASSETCATALOG_COMPILER_LAUNCHIMAGE_NAME = LaunchImage;
				GCC_PRECOMPILE_PREFIX_HEADER = YES;
				GCC_PREFIX_HEADER = "Zxcvbn/Zxcvbn-Prefix.pch";
				INFOPLIST_FILE = "Zxcvbn/Zxcvbn-Info.plist";
				PRODUCT_NAME = "$(TARGET_NAME)";
				WRAPPER_EXTENSION = app;
			};
			name = Debug;
		};
		08F59FB718A8830300FB34D6 /* Release */ = {
			isa = XCBuildConfiguration;
			buildSettings = {
				ASSETCATALOG_COMPILER_APPICON_NAME = AppIcon;
				ASSETCATALOG_COMPILER_LAUNCHIMAGE_NAME = LaunchImage;
				GCC_PRECOMPILE_PREFIX_HEADER = YES;
				GCC_PREFIX_HEADER = "Zxcvbn/Zxcvbn-Prefix.pch";
				INFOPLIST_FILE = "Zxcvbn/Zxcvbn-Info.plist";
				PRODUCT_NAME = "$(TARGET_NAME)";
				WRAPPER_EXTENSION = app;
			};
			name = Release;
		};
		08F59FB918A8830300FB34D6 /* Debug */ = {
			isa = XCBuildConfiguration;
			buildSettings = {
				BUNDLE_LOADER = "$(BUILT_PRODUCTS_DIR)/Zxcvbn.app/Zxcvbn";
				FRAMEWORK_SEARCH_PATHS = (
					"$(SDKROOT)/Developer/Library/Frameworks",
					"$(inherited)",
					"$(DEVELOPER_FRAMEWORKS_DIR)",
				);
				GCC_PRECOMPILE_PREFIX_HEADER = YES;
				GCC_PREFIX_HEADER = "Zxcvbn/Zxcvbn-Prefix.pch";
				GCC_PREPROCESSOR_DEFINITIONS = (
					"DEBUG=1",
					"$(inherited)",
				);
				INFOPLIST_FILE = "ZxcvbnTests/ZxcvbnTests-Info.plist";
				PRODUCT_NAME = "$(TARGET_NAME)";
				TEST_HOST = "$(BUNDLE_LOADER)";
				WRAPPER_EXTENSION = xctest;
			};
			name = Debug;
		};
		08F59FBA18A8830300FB34D6 /* Release */ = {
			isa = XCBuildConfiguration;
			buildSettings = {
				BUNDLE_LOADER = "$(BUILT_PRODUCTS_DIR)/Zxcvbn.app/Zxcvbn";
				FRAMEWORK_SEARCH_PATHS = (
					"$(SDKROOT)/Developer/Library/Frameworks",
					"$(inherited)",
					"$(DEVELOPER_FRAMEWORKS_DIR)",
				);
				GCC_PRECOMPILE_PREFIX_HEADER = YES;
				GCC_PREFIX_HEADER = "Zxcvbn/Zxcvbn-Prefix.pch";
				INFOPLIST_FILE = "ZxcvbnTests/ZxcvbnTests-Info.plist";
				PRODUCT_NAME = "$(TARGET_NAME)";
				TEST_HOST = "$(BUNDLE_LOADER)";
				WRAPPER_EXTENSION = xctest;
			};
			name = Release;
		};
/* End XCBuildConfiguration section */

/* Begin XCConfigurationList section */
		08F59F7B18A8830300FB34D6 /* Build configuration list for PBXProject "Zxcvbn" */ = {
			isa = XCConfigurationList;
			buildConfigurations = (
				08F59FB318A8830300FB34D6 /* Debug */,
				08F59FB418A8830300FB34D6 /* Release */,
			);
			defaultConfigurationIsVisible = 0;
			defaultConfigurationName = Release;
		};
		08F59FB518A8830300FB34D6 /* Build configuration list for PBXNativeTarget "Zxcvbn" */ = {
			isa = XCConfigurationList;
			buildConfigurations = (
				08F59FB618A8830300FB34D6 /* Debug */,
				08F59FB718A8830300FB34D6 /* Release */,
			);
			defaultConfigurationIsVisible = 0;
			defaultConfigurationName = Release;
		};
		08F59FB818A8830300FB34D6 /* Build configuration list for PBXNativeTarget "ZxcvbnTests" */ = {
			isa = XCConfigurationList;
			buildConfigurations = (
				08F59FB918A8830300FB34D6 /* Debug */,
				08F59FBA18A8830300FB34D6 /* Release */,
			);
			defaultConfigurationIsVisible = 0;
			defaultConfigurationName = Release;
		};
/* End XCConfigurationList section */
	};
	rootObject = 08F59F7818A8830300FB34D6 /* Project object */;
}
